{
    "_meta": {
        "hash": {
            "sha256": "d71d131979da72140a8d475a5c06049239c67d469ee0a16b49b186732c0df24b"
        },
        "pipfile-spec": 6,
        "requires": {
            "python_version": "3.6"
        },
        "sources": [
            {
                "name": "pypi",
                "url": "https://pypi.org/simple",
                "verify_ssl": true
            }
        ]
    },
    "default": {
        "aiohttp": {
            "hashes": [
                "sha256:3a253332a0d8f82549e65035ebe7199580c3ea0e47071b7428f25b109b3c0310",
                "sha256:3ac6fa105355928e2fc02e876d0d72d6230557d4637017ebf09aec7611124155",
                "sha256:3bfcb76553d7f6296d1a598162d5fb890198f98c021540cbbb85bb604ff198db",
                "sha256:714c62532ca6be90be4b54002743e7ea277ec78b45f04ae86cdc6f45a8400abd",
                "sha256:81a6aaace2b9e8a87531277a5d5f998efbd3554c15bf47173834386966d1bbe1",
                "sha256:ad374a5d7be1de271ecd0fb0ef87c0f8dd9fb062e6fae350fa6c098360018978",
                "sha256:c3e1897726f97d40e067e8b658b2dbdfe216f32b801c5c589212e1b1f9aa8388",
                "sha256:c579ec606f25b3f756f177fee6db344f8d7ef75cfc0603a94c9fa1d1c645789d",
                "sha256:e1985766a4c83fcbdf7dde06544231fc9fb3de8929788179e623d6f9f9f321d2"
            ],
            "version": "==1.0.5"
        },
        "async-timeout": {
            "hashes": [
                "sha256:00cff4d2dce744607335cba84e9929c3165632da2d27970dbc55802a0c7873d0",
                "sha256:9093db5b8ddbe4b8f6885d1a6e0ad84ae3155464cbf6877c387605244c285f3c"
            ],
            "version": "==2.0.1"
        },
        "chardet": {
            "hashes": [
                "sha256:84ab92ed1c4d4f16916e05906b6b75a6c0fb5db821cc65e70cbd64a3e2a5eaae",
                "sha256:fc323ffcaeaed0e0a02bf4d117757b98aed530d9ed4531e3e15460124c106691"
            ],
            "version": "==3.0.4"
        },
        "discord.py": {
            "hashes": [
                "sha256:d775b701383e3a5762accf3816b819f357f299476701615ac30c7715a5ea79aa"
            ],
            "index": "pypi",
            "version": "==0.16.8"
        },
        "multidict": {
            "hashes": [
                "sha256:0dcf4f2893bf22839c7bd825f688d5fe60c8eb989b4eb817103a71d7f84058e5",
                "sha256:1524bb334b605f6c7cf447e19e70d6fb96f68aefefe018bdceb9674572548c45",
                "sha256:1b93d1b72b12566a6e238acb4f547cdf6de069c5b555faabfe9071852434b61a",
                "sha256:24052724195e46872739faa10c611957bbaceae28eec92e1ce49150b115ec5ed",
                "sha256:27643705c5a04cfbf7834b914e5367618f77b2692f920c734b18f476ea328f04",
                "sha256:2b07135edc953e6a7e94d8628868715093efb015fc6a0ebf54c5ecd84064e5f8",
                "sha256:3876b617228d60d655062f9ddaecb0f770777b8ae753e661de9a7d5eb4ef2933",
                "sha256:3f11e31935d20822c977397e9ec868ab2287c82461bc74663c7df1bd8a5b61d0",
                "sha256:4e0dbf5a204c462d6b129b9598e5124077244a9b91c255c5341f679472dc54a5",
                "sha256:5a56ec27a528fce6a3fdf537929b039b8af01edec761b09f7fcde3915d3fbbe7",
                "sha256:5bd46d01a49264f059d4c7b1f26cb5cbbcacb549edb77ad5caa2070ec4bffe47",
                "sha256:6e5128658f82cd8d1830f159027c2be0af496b1b6aa710353a6c862a9285bc89",
                "sha256:6ef4cf27db3424bcc6e7f9ead3abee53bca2c3a1db5821585cb3e386ae55178f",
                "sha256:7aeccfbc7ccc29dcceca11ee295f5a267b093d90cf50808d4649d87e72bdbd89",
                "sha256:7c43ca71db568e13d301e3a6153996a3e0da5d4b19c3517d2418fa5775d2d173",
                "sha256:9deae50f23511e5639fadf8df68917027535e090b163c5bbb03e26f6a208dbfc",
                "sha256:aab8e9063ff623387f72c04b55c43211da2edd4e0db9943057522a995c330877",
                "sha256:ae1002b4c793a6b88c8208c8a312038185ffcf76a57fdbe6c5d0f62052737a65",
                "sha256:af340843de65c4d678379e8e0b5bcfd2e614da8ed666f1ba006704fe456edbba",
                "sha256:d3161a3697f8a332aa86da1402f4020499d50ccedc6eb3d8a40d5e3aca3c2afd",
                "sha256:eafe84d62e45b17c82483a6b4b1a9757c91a1d6d9511d8b32ded52936582fdcb",
                "sha256:f16c517bb33c8ce75ba5e8d5212e3591bc59f4ab837b5b9906a3ee5868180449"
            ],
            "version": "==4.2.0"
        },
        "pyserial": {
            "hashes": [
                "sha256:6e2d401fdee0eab996cf734e67773a0143b932772ca8b42451440cfed942c627",
                "sha256:e0770fadba80c31013896c7e6ef703f72e7834965954a78e71a3049488d4d7d8"
            ],
            "version": "==3.4"
        },
        "randomroller": {
            "hashes": [
                "sha256:37c3fe5d03fb148d386b060dcee6f4b33c33b4a3b910c7fd2d0ef5a4de106191",
                "sha256:7e8e80d6885b28288239aa44d370bc4906977d0a20a4efb118a2c000e3fc11ea"
            ],
            "index": "pypi",
            "version": "==2.2.1"
        },
        "websockets": {
            "hashes": [
                "sha256:09dfec40e9b73e8808c39ecdbc1733e33915a2b26b90c54566afc0af546a9ec3",
                "sha256:2aa6d52264cecb08d39741e8fda49f5ac4872aef02617230c84d02e861f3cc5a",
                "sha256:2f5b7f3920f29609086fb0b63552bb1f86a04b8cbdcc0dbf3775cc90d489dfc8",
                "sha256:3d38f76f71654268e5533b45df125ff208fee242a102d4b5ca958da5cf5fb345",
                "sha256:3fcc7dfb365e81ff8206f950c86d1e73accdf3be2f9110c0cb73be32d2e7a9a5",
                "sha256:4128212ab6f91afda03a0c697add261bdf6946b47928db83f07298ea2cd8d937",
                "sha256:43e5b9f51dd0000a4c6f646e2ade0c886bd14a784ffac08b9e079bd17a63bcc5",
                "sha256:4a932c17cb11c361c286c04842dc2385cc7157019bbba8b64808acbc89a95584",
                "sha256:5ddc5fc121eb76771e990f071071d9530e27d20e8cfb804d9f5823de055837af",
                "sha256:7347af28fcc70eb45be409760c2a428f8199e7f73c04a621916c3c219ed7ad27",
                "sha256:85ae1e4b36aa2e90de56d211d2de36d7c093d00277a9afdd9b4f81e69c0214ab",
                "sha256:8a29100079f5b91a72bcd25d35a7354db985d3babae42d00b9d629f9a0aaa8ac",
                "sha256:a7e7585c8e3c0f9277ad7d6ee6ccddc69649cd216255d5e255d68f90482aeefa",
                "sha256:aa42ecef3aed807e23218c264b1e82004cdd131a6698a10b57fc3d8af8f651fc",
                "sha256:b19e7ede1ba80ee9de6f5b8ccd31beee25402e68bef7c13eeb0b8bc46bc4b7b7",
                "sha256:c4c5b5ce2d66cb0cf193c14bc9726adca095febef0f7b2c04e5e3fa3487a97a4",
                "sha256:de743ef26b002efceea7d7756e99e5d38bf5d4f27563b8d27df2a9a5cc57340a",
                "sha256:e1e568136ad5cb6768504be36d470a136b072acbf3ea882303aee6361be01941",
                "sha256:e8992f1db371f2a1c5af59e032d9dc7c1aa92f16241efcda695b7d955b4de0c2",
                "sha256:e9c1cdbb591432c59d0b5ca64fd30b6d517024767f152fc169563b26e7bcc9da"
            ],
            "version": "==3.4"
        }
    },
    "develop": {}
}
